
Microsoft Visual Studio Solution File, Format Version 12.00
# Visual Studio 14
VisualStudioVersion = 14.0.24720.0
MinimumVisualStudioVersion = 10.0.40219.1
Project("{FAE04EC0-301F-11D3-BF4B-00C04F79EFBC}") = "ChatBotR", "ChatBotR\ChatBotR.csproj", "{BDBD3A4D-94DE-4B06-A9BC-284A483D564B}"
EndProject
Global
	GlobalSection(SolutionConfigurationPlatforms) = preSolution
		Debug|Any CPU = Debug|Any CPU
		Release|Any CPU = Release|Any CPU
	EndGlobalSection
	GlobalSection(ProjectConfigurationPlatforms) = postSolution
		{BDBD3A4D-94DE-4B06-A9BC-284A483D564B}.Debug|Any CPU.ActiveCfg = Debug|Any CPU
		{BDBD3A4D-94DE-4B06-A9BC-284A483D564B}.Debug|Any CPU.Build.0 = Debug|Any CPU
		{BDBD3A4D-94DE-4B06-A9BC-284A483D564B}.Release|Any CPU.ActiveCfg = Release|Any CPU
		{BDBD3A4D-94DE-4B06-A9BC-284A483D564B}.Release|Any CPU.Build.0 = Release|Any CPU
	EndGlobalSection
	GlobalSection(SolutionProperties) = preSolution
		HideSolutionNode = FALSE
	EndGlobalSection
EndGlobal
